// !$*UTF8*$!
{
	archiveVersion = 1;
	classes = {
	};
	objectVersion = 50;
	objects = {

/* Begin PBXBuildFile section */
		843CC98422CC698F00BC85AE /* AppDelegate.swift in Sources */ = {isa = PBXBuildFile; fileRef = 843CC98322CC698F00BC85AE /* AppDelegate.swift */; };
		843CC98622CC698F00BC85AE /* ViewController.swift in Sources */ = {isa = PBXBuildFile; fileRef = 843CC98522CC698F00BC85AE /* ViewController.swift */; };
		843CC98922CC698F00BC85AE /* Main.storyboard in Resources */ = {isa = PBXBuildFile; fileRef = 843CC98722CC698F00BC85AE /* Main.storyboard */; };
		843CC98B22CC698F00BC85AE /* Assets.xcassets in Resources */ = {isa = PBXBuildFile; fileRef = 843CC98A22CC698F00BC85AE /* Assets.xcassets */; };
		843CC98E22CC698F00BC85AE /* LaunchScreen.storyboard in Resources */ = {isa = PBXBuildFile; fileRef = 843CC98C22CC698F00BC85AE /* LaunchScreen.storyboard */; };
		843CC99622CC6D3000BC85AE /* BookCell.swift in Sources */ = {isa = PBXBuildFile; fileRef = 843CC99522CC6D3000BC85AE /* BookCell.swift */; };
		843CC99822CC6F0000BC85AE /* Book.swift in Sources */ = {isa = PBXBuildFile; fileRef = 843CC99722CC6F0000BC85AE /* Book.swift */; };
		843CC99C22CCB15900BC85AE /* Draw.swift in Sources */ = {isa = PBXBuildFile; fileRef = 843CC99B22CCB15900BC85AE /* Draw.swift */; };
		84AA84DB22D08A2C008E6362 /* GraphViewController.swift in Sources */ = {isa = PBXBuildFile; fileRef = 84AA84DA22D08A2C008E6362 /* GraphViewController.swift */; };
/* End PBXBuildFile section */

/* Begin PBXFileReference section */
		843CC98022CC698F00BC85AE /* CS541-Project4.app */ = {isa = PBXFileReference; explicitFileType = wrapper.application; includeInIndex = 0; path = "CS541-Project4.app"; sourceTree = BUILT_PRODUCTS_DIR; };
		843CC98322CC698F00BC85AE /* AppDelegate.swift */ = {isa = PBXFileReference; lastKnownFileType = sourcecode.swift; path = AppDelegate.swift; sourceTree = "<group>"; };
		843CC98522CC698F00BC85AE /* ViewController.swift */ = {isa = PBXFileReference; lastKnownFileType = sourcecode.swift; path = ViewController.swift; sourceTree = "<group>"; };
		843CC98822CC698F00BC85AE /* Base */ = {isa = PBXFileReference; lastKnownFileType = file.storyboard; name = Base; path = Base.lproj/Main.storyboard; sourceTree = "<group>"; };
		843CC98A22CC698F00BC85AE /* Assets.xcassets */ = {isa = PBXFileReference; lastKnownFileType = folder.assetcatalog; path = Assets.xcassets; sourceTree = "<group>"; };
		843CC98D22CC698F00BC85AE /* Base */ = {isa = PBXFileReference; lastKnownFileType = file.storyboard; name = Base; path = Base.lproj/LaunchScreen.storyboard; sourceTree = "<group>"; };
		843CC98F22CC698F00BC85AE /* Info.plist */ = {isa = PBXFileReference; lastKnownFileType = text.plist.xml; path = Info.plist; sourceTree = "<group>"; };
		843CC99522CC6D3000BC85AE /* BookCell.swift */ = {isa = PBXFileReference; lastKnownFileType = sourcecode.swift; path = BookCell.swift; sourceTree = "<group>"; };
		843CC99722CC6F0000BC85AE /* Book.swift */ = {isa = PBXFileReference; lastKnownFileType = sourcecode.swift; path = Book.swift; sourceTree = "<group>"; };
		843CC99B22CCB15900BC85AE /* Draw.swift */ = {isa = PBXFileReference; lastKnownFileType = sourcecode.swift; path = Draw.swift; sourceTree = "<group>"; };
		84AA84DA22D08A2C008E6362 /* GraphViewController.swift */ = {isa = PBXFileReference; lastKnownFileType = sourcecode.swift; path = GraphViewController.swift; sourceTree = "<group>"; };
/* End PBXFileReference section */

/* Begin PBXFrameworksBuildPhase section */
		843CC97D22CC698E00BC85AE /* Frameworks */ = {
			isa = PBXFrameworksBuildPhase;
			buildActionMask = 2147483647;
			files = (
			);
			runOnlyForDeploymentPostprocessing = 0;
		};
/* End PBXFrameworksBuildPhase section */

/* Begin PBXGroup section */
		843CC97722CC698E00BC85AE = {
			isa = PBXGroup;
			children = (
				843CC98222CC698F00BC85AE /* CS541-Project4 */,
				843CC98122CC698F00BC85AE /* Products */,
			);
			sourceTree = "<group>";
		};
		843CC98122CC698F00BC85AE /* Products */ = {
			isa = PBXGroup;
			children = (
				843CC98022CC698F00BC85AE /* CS541-Project4.app */,
			);
			name = Products;
			sourceTree = "<group>";
		};
		843CC98222CC698F00BC85AE /* CS541-Project4 */ = {
			isa = PBXGroup;
			children = (
				843CC98322CC698F00BC85AE /* AppDelegate.swift */,
				843CC98522CC698F00BC85AE /* ViewController.swift */,
				843CC98722CC698F00BC85AE /* Main.storyboard */,
				843CC98A22CC698F00BC85AE /* Assets.xcassets */,
				843CC98C22CC698F00BC85AE /* LaunchScreen.storyboard */,
				843CC98F22CC698F00BC85AE /* Info.plist */,
				843CC99522CC6D3000BC85AE /* BookCell.swift */,
				843CC99722CC6F0000BC85AE /* Book.swift */,
				843CC99B22CCB15900BC85AE /* Draw.swift */,
				84AA84DA22D08A2C008E6362 /* GraphViewController.swift */,
			);
			path = "CS541-Project4";
			sourceTree = "<group>";
		};
/* End PBXGroup section */

/* Begin PBXNativeTarget section */
		843CC97F22CC698E00BC85AE /* CS541-Project4 */ = {
			isa = PBXNativeTarget;
			buildConfigurationList = 843CC99222CC698F00BC85AE /* Build configuration list for PBXNativeTarget "CS541-Project4" */;
			buildPhases = (
				843CC97C22CC698E00BC85AE /* Sources */,
				843CC97D22CC698E00BC85AE /* Frameworks */,
				843CC97E22CC698E00BC85AE /* Resources */,
			);
			buildRules = (
			);
			dependencies = (
			);
			name = "CS541-Project4";
			productName = "CS541-Project4";
			productReference = 843CC98022CC698F00BC85AE /* CS541-Project4.app */;
			productType = "com.apple.product-type.application";
		};
/* End PBXNativeTarget section */

/* Begin PBXProject section */
		843CC97822CC698E00BC85AE /* Project object */ = {
			isa = PBXProject;
			attributes = {
				LastSwiftUpdateCheck = 1020;
				LastUpgradeCheck = 1020;
				ORGANIZATIONNAME = Admin;
				TargetAttributes = {
					843CC97F22CC698E00BC85AE = {
						CreatedOnToolsVersion = 10.2.1;
					};
				};
			};
			buildConfigurationList = 843CC97B22CC698E00BC85AE /* Build configuration list for PBXProject "CS541-Project4" */;
			compatibilityVersion = "Xcode 9.3";
			developmentRegion = en;
			hasScannedForEncodings = 0;
			knownRegions = (
				en,
				Base,
			);
			mainGroup = 843CC97722CC698E00BC85AE;
			productRefGroup = 843CC98122CC698F00BC85AE /* Products */;
			projectDirPath = "";
			projectRoot = "";
			targets = (
				843CC97F22CC698E00BC85AE /* CS541-Project4 */,
			);
		};
/* End PBXProject section */

/* Begin PBXResourcesBuildPhase section */
		843CC97E22CC698E00BC85AE /* Resources */ = {
			isa = PBXResourcesBuildPhase;
			buildActionMask = 2147483647;
			files = (
				843CC98E22CC698F00BC85AE /* LaunchScreen.storyboard in Resources */,
				843CC98B22CC698F00BC85AE /* Assets.xcassets in Resources */,
				843CC98922CC698F00BC85AE /* Main.storyboard in Resources */,
			);
			runOnlyForDeploymentPostprocessing = 0;
		};
/* End PBXResourcesBuildPhase section */

/* Begin PBXSourcesBuildPhase section */
		843CC97C22CC698E00BC85AE /* Sources */ = {
			isa = PBXSourcesBuildPhase;
			buildActionMask = 2147483647;
			files = (
				843CC99822CC6F0000BC85AE /* Book.swift in Sources */,
				843CC99622CC6D3000BC85AE /* BookCell.swift in Sources */,
				843CC99C22CCB15900BC85AE /* Draw.swift in Sources */,
				84AA84DB22D08A2C008E6362 /* GraphViewController.swift in Sources */,
				843CC98622CC698F00BC85AE /* ViewController.swift in Sources */,
				843CC98422CC698F00BC85AE /* AppDelegate.swift in Sources */,
			);
			runOnlyForDeploymentPostprocessing = 0;
		};
/* End PBXSourcesBuildPhase section */

/* Begin PBXVariantGroup section */
		843CC98722CC698F00BC85AE /* Main.storyboard */ = {
			isa = PBXVariantGroup;
			children = (
				843CC98822CC698F00BC85AE /* Base */,
			);
			name = Main.storyboard;
			sourceTree = "<group>";
		};
		843CC98C22CC698F00BC85AE /* LaunchScreen.storyboard */ = {
			isa = PBXVariantGroup;
			children = (
				843CC98D22CC698F00BC85AE /* Base */,
			);
			name = LaunchScreen.storyboard;
			sourceTree = "<group>";
		};
/* End PBXVariantGroup section */

/* Begin XCBuildConfiguration section */
		843CC99022CC698F00BC85AE /* Debug */ = {
			isa = XCBuildConfiguration;
			buildSettings = {
				ALWAYS_SEARCH_USER_PATHS = NO;
				CLANG_ANALYZER_NONNULL = YES;
				CLANG_ANALYZER_NUMBER_OBJECT_CONVERSION = YES_AGGRESSIVE;
				CLANG_CXX_LANGUAGE_STANDARD = "gnu++14";
				CLANG_CXX_LIBRARY = "libc++";
				CLANG_ENABLE_MODULES = YES;
				CLANG_ENABLE_OBJC_ARC = YES;
				CLANG_ENABLE_OBJC_WEAK = YES;
				CLANG_WARN_BLOCK_CAPTURE_AUTORELEASING = YES;
				CLANG_WARN_BOOL_CONVERSION = YES;
				CLANG_WARN_COMMA = YES;
				CLANG_WARN_CONSTANT_CONVERSION = YES;
				CLANG_WARN_DEPRECATED_OBJC_IMPLEMENTATIONS = YES;
				CLANG_WARN_DIRECT_OBJC_ISA_USAGE = YES_ERROR;
				CLANG_WARN_DOCUMENTATION_COMMENTS = YES;
				CLANG_WARN_EMPTY_BODY = YES;
				CLANG_WARN_ENUM_CONVERSION = YES;
				CLANG_WARN_INFINITE_RECURSION = YES;
				CLANG_WARN_INT_CONVERSION = YES;
				CLANG_WARN_NON_LITERAL_NULL_CONVERSION = YES;
				CLANG_WARN_OBJC_IMPLICIT_RETAIN_SELF = YES;
				CLANG_WARN_OBJC_LITERAL_CONVERSION = YES;
				CLANG_WARN_OBJC_ROOT_CLASS = YES_ERROR;
				CLANG_WARN_RANGE_LOOP_ANALYSIS = YES;
				CLANG_WARN_STRICT_PROTOTYPES = YES;
				CLANG_WARN_SUSPICIOUS_MOVE = YES;
				CLANG_WARN_UNGUARDED_AVAILABILITY = YES_AGGRESSIVE;
				CLANG_WARN_UNREACHABLE_CODE = YES;
				CLANG_WARN__DUPLICATE_METHOD_MATCH = YES;
				CODE_SIGN_IDENTITY = "iPhone Developer";
				COPY_PHASE_STRIP = NO;
				DEBUG_INFORMATION_FORMAT = dwarf;
				ENABLE_STRICT_OBJC_MSGSEND = YES;
				ENABLE_TESTABILITY = YES;
				GCC_C_LANGUAGE_STANDARD = gnu11;
				GCC_DYNAMIC_NO_PIC = NO;
				GCC_NO_COMMON_BLOCKS = YES;
				GCC_OPTIMIZATION_LEVEL = 0;
				GCC_PREPROCESSOR_DEFINITIONS = (
					"DEBUG=1",
					"$(inherited)",
				);
				GCC_WARN_64_TO_32_BIT_CONVERSION = YES;
				GCC_WARN_ABOUT_RETURN_TYPE = YES_ERROR;
				GCC_WARN_UNDECLARED_SELECTOR = YES;
				GCC_WARN_UNINITIALIZED_AUTOS = YES_AGGRESSIVE;
				GCC_WARN_UNUSED_FUNCTION = YES;
				GCC_WARN_UNUSED_VARIABLE = YES;
				IPHONEOS_DEPLOYMENT_TARGET = 12.2;
				MTL_ENABLE_DEBUG_INFO = INCLUDE_SOURCE;
				MTL_FAST_MATH = YES;
				ONLY_ACTIVE_ARCH = YES;
				SDKROOT = iphoneos;
				SWIFT_ACTIVE_COMPILATION_CONDITIONS = DEBUG;
				SWIFT_OPTIMIZATION_LEVEL = "-Onone";
			};
			name = Debug;
		};
		843CC99122CC698F00BC85AE /* Release */ = {
			isa = XCBuildConfiguration;
			buildSettings = {
				ALWAYS_SEARCH_USER_PATHS = NO;
				CLANG_ANALYZER_NONNULL = YES;
				CLANG_ANALYZER_NUMBER_OBJECT_CONVERSION = YES_AGGRESSIVE;
				CLANG_CXX_LANGUAGE_STANDARD = "gnu++14";
				CLANG_CXX_LIBRARY = "libc++";
				CLANG_ENABLE_MODULES = YES;
				CLANG_ENABLE_OBJC_ARC = YES;
				CLANG_ENABLE_OBJC_WEAK = YES;
				CLANG_WARN_BLOCK_CAPTURE_AUTORELEASING = YES;
				CLANG_WARN_BOOL_CONVERSION = YES;
				CLANG_WARN_COMMA = YES;
				CLANG_WARN_CONSTANT_CONVERSION = YES;
				CLANG_WARN_DEPRECATED_OBJC_IMPLEMENTATIONS = YES;
				CLANG_WARN_DIRECT_OBJC_ISA_USAGE = YES_ERROR;
				CLANG_WARN_DOCUMENTATION_COMMENTS = YES;
				CLANG_WARN_EMPTY_BODY = YES;
				CLANG_WARN_ENUM_CONVERSION = YES;
				CLANG_WARN_INFINITE_RECURSION = YES;
				CLANG_WARN_INT_CONVERSION = YES;
				CLANG_WARN_NON_LITERAL_NULL_CONVERSION = YES;
				CLANG_WARN_OBJC_IMPLICIT_RETAIN_SELF = YES;
				CLANG_WARN_OBJC_LITERAL_CONVERSION = YES;
				CLANG_WARN_OBJC_ROOT_CLASS = YES_ERROR;
				CLANG_WARN_RANGE_LOOP_ANALYSIS = YES;
				CLANG_WARN_STRICT_PROTOTYPES = YES;
				CLANG_WARN_SUSPICIOUS_MOVE = YES;
				CLANG_WARN_UNGUARDED_AVAILABILITY = YES_AGGRESSIVE;
				CLANG_WARN_UNREACHABLE_CODE = YES;
				CLANG_WARN__DUPLICATE_METHOD_MATCH = YES;
				CODE_SIGN_IDENTITY = "iPhone Developer";
				COPY_PHASE_STRIP = NO;
				DEBUG_INFORMATION_FORMAT = "dwarf-with-dsym";
				ENABLE_NS_ASSERTIONS = NO;
				ENABLE_STRICT_OBJC_MSGSEND = YES;
				GCC_C_LANGUAGE_STANDARD = gnu11;
				GCC_NO_COMMON_BLOCKS = YES;
				GCC_WARN_64_TO_32_BIT_CONVERSION = YES;
				GCC_WARN_ABOUT_RETURN_TYPE = YES_ERROR;
				GCC_WARN_UNDECLARED_SELECTOR = YES;
				GCC_WARN_UNINITIALIZED_AUTOS = YES_AGGRESSIVE;
				GCC_WARN_UNUSED_FUNCTION = YES;
				GCC_WARN_UNUSED_VARIABLE = YES;
				IPHONEOS_DEPLOYMENT_TARGET = 12.2;
				MTL_ENABLE_DEBUG_INFO = NO;
				MTL_FAST_MATH = YES;
				SDKROOT = iphoneos;
				SWIFT_COMPILATION_MODE = wholemodule;
				SWIFT_OPTIMIZATION_LEVEL = "-O";
				VALIDATE_PRODUCT = YES;
			};
			name = Release;
		};
		843CC99322CC698F00BC85AE /* Debug */ = {
			isa = XCBuildConfiguration;
			buildSettings = {
				ASSETCATALOG_COMPILER_APPICON_NAME = AppIcon;
				CODE_SIGN_STYLE = Automatic;
				INFOPLIST_FILE = "CS541-Project4/Info.plist";
				LD_RUNPATH_SEARCH_PATHS = (
					"$(inherited)",
					"@executable_path/Frameworks",
				);
				PRODUCT_BUNDLE_IDENTIFIER = "com.lalit.CS541-Project4";
				PRODUCT_NAME = "$(TARGET_NAME)";
				SWIFT_VERSION = 5.0;
				TARGETED_DEVICE_FAMILY = "1,2";
			};
			name = Debug;
		};
		843CC99422CC698F00BC85AE /* Release */ = {
			isa = XCBuildConfiguration;
			buildSettings = {
				ASSETCATALOG_COMPILER_APPICON_NAME = AppIcon;
				CODE_SIGN_STYLE = Automatic;
				INFOPLIST_FILE = "CS541-Project4/Info.plist";
				LD_RUNPATH_SEARCH_PATHS = (
					"$(inherited)",
					"@executable_path/Frameworks",
				);
				PRODUCT_BUNDLE_IDENTIFIER = "com.lalit.CS541-Project4";
				PRODUCT_NAME = "$(TARGET_NAME)";
				SWIFT_VERSION = 5.0;
				TARGETED_DEVICE_FAMILY = "1,2";
			};
			name = Release;
		};
/* End XCBuildConfiguration section */

/* Begin XCConfigurationList section */
		843CC97B22CC698E00BC85AE /* Build configuration list for PBXProject "CS541-Project4" */ = {
			isa = XCConfigurationList;
			buildConfigurations = (
				843CC99022CC698F00BC85AE /* Debug */,
				843CC99122CC698F00BC85AE /* Release */,
			);
			defaultConfigurationIsVisible = 0;
			defaultConfigurationName = Release;
		};
		843CC99222CC698F00BC85AE /* Build configuration list for PBXNativeTarget "CS541-Project4" */ = {
			isa = XCConfigurationList;
			buildConfigurations = (
				843CC99322CC698F00BC85AE /* Debug */,
				843CC99422CC698F00BC85AE /* Release */,
			);
			defaultConfigurationIsVisible = 0;
			defaultConfigurationName = Release;
		};
/* End XCConfigurationList section */
	};
	rootObject = 843CC97822CC698E00BC85AE /* Project object */;
}
